# This file was autogenerated by Stack.
# You should not edit this file by hand.
# For more information, please see the documentation at:
#   https://docs.haskellstack.org/en/stable/lock_files

packages:
- completed:
    hackage: hostname-1.0@sha256:8203b6ecd14ca1ef12f73a471b0a6a4be3ad4568d8b84f2bc4bc9e0abb8c4153,813
    pantry-tree:
      sha256: 962f3607627035d8da35d0073170e75e736adcc6919a3d96669cbe28bf19468b
      size: 212
  original:
    hackage: hostname-1.0
- completed:
    hackage: xmonad-0.18.0@sha256:22300a2626ba5b00dcf0e5071d56ccb42140fb849ee6ea7bf1337ed07de33642,5453
    pantry-tree:
      sha256: 475b273803119d4b6f3f0ad496d93092ad53bb7b2306182603531093899b26d1
      size: 2486
  original:
    hackage: xmonad-0.18.0
- completed:
    hackage: xmonad-contrib-0.18.0@sha256:aae129651391ec65e4c7cf4c23b280cc5e69f709d86668502426a41eebab9d3c,22370
    pantry-tree:
      sha256: d2987f3843f1c5ca11bf63d22630679a34b7578f432a96f0dec97b98c4984e72
      size: 23806
  original:
    hackage: xmonad-contrib-0.18.0
- completed:
    commit: ddd5ed1a8d0e11ad61a2cf8b04b8e51227bf57cf
    git: https://github.com/troydm/xmonad-dbus.git
    name: xmonad-dbus
    pantry-tree:
      sha256: af76d92cb34ba112cea58b5b21a8fbc6f45d87b356df10117b8c3f8dac04f4d1
      size: 519
    version: 0.1.0.2
  original:
    commit: ddd5ed1a8d0e11ad61a2cf8b04b8e51227bf57cf
    git: https://github.com/troydm/xmonad-dbus.git
snapshots:
- completed:
    sha256: c9ed6aa269af29d96411293c0933c3ac7c4a34380c9b7ddcc0f9cc427a52a1c6
    size: 644555
    url: https://raw.githubusercontent.com/commercialhaskell/stackage-snapshots/master/nightly/2024/5/31.yaml
  original:
    url: https://raw.githubusercontent.com/commercialhaskell/stackage-snapshots/master/nightly/2024/5/31.yaml
