# This file was autogenerated by Stack.
# You should not edit this file by hand.
# For more information, please see the documentation at:
#   https://docs.haskellstack.org/en/stable/lock_files

packages:
- completed:
    hackage: hostname-1.0@sha256:8203b6ecd14ca1ef12f73a471b0a6a4be3ad4568d8b84f2bc4bc9e0abb8c4153,813
    pantry-tree:
      sha256: 962f3607627035d8da35d0073170e75e736adcc6919a3d96669cbe28bf19468b
      size: 212
  original:
    hackage: hostname-1.0
snapshots:
- completed:
    sha256: 6f0bea3ba5b07360f25bc886e8cff8d847767557a492a6f7f6dcb06e3cc79ee9
    size: 712905
    url: https://raw.githubusercontent.com/commercialhaskell/stackage-snapshots/master/lts/22/13.yaml
  original:
    url: https://raw.githubusercontent.com/commercialhaskell/stackage-snapshots/master/lts/22/13.yaml
